{
  "name": "example",
  "version": "0.0.1",
  "lockfileVersion": 3,
  "requires": true,
  "packages": {
    "": {
      "name": "example",
      "version": "0.0.1",
      "license": "MPL-2.0",
      "devDependencies": {
        "@fluffylabs/as-lan": "0.0.1",
        "assemblyscript": "^0.28.15",
        "ecalli": "npm:@fluffylabs/as-lan-ecalli-mocks@0.0.1"
      }
    },
    "node_modules/@fluffylabs/as-lan": {
      "version": "0.0.1",
      "resolved": "https://registry.npmjs.org/@fluffylabs/as-lan/-/as-lan-0.0.1.tgz",
      "integrity": "sha512-jCMH1wdIV4K+1M1pjYbbafJcof35ORqN8jXCbg+DMi9OHevARg9vqMhoDGmiVjjhUrxp7Bge3sYxyQZqn9gg5w==",
      "dev": true,
      "license": "MPL-2.0"
    },
    "node_modules/assemblyscript": {
      "version": "0.28.15",
      "resolved": "https://registry.npmjs.org/assemblyscript/-/assemblyscript-0.28.15.tgz",
      "integrity": "sha512-Ji6X2HqV2u7K4rMeiCh1qhhEZ+S9o4HhIJwC55k9sgIWhliN7+yKnFLrJOD/X10VH57rxQ3JDP7LS+SDI9fB9g==",
      "dev": true,
      "license": "Apache-2.0",
      "dependencies": {
        "binaryen": "123.0.0-nightly.20250530",
        "long": "^5.2.4"
      },
      "bin": {
        "asc": "bin/asc.js",
        "asinit": "bin/asinit.js"
      },
      "engines": {
        "node": ">=20",
        "npm": ">=10"
      },
      "funding": {
        "type": "opencollective",
        "url": "https://opencollective.com/assemblyscript"
      }
    },
    "node_modules/binaryen": {
      "version": "123.0.0-nightly.20250530",
      "resolved": "https://registry.npmjs.org/binaryen/-/binaryen-123.0.0-nightly.20250530.tgz",
      "integrity": "sha512-d1zPHBN5YlOd3Ff+OUxvVExuFeh8heSnqe+X3bjItFxGLvn4VGBKmrvv7pgy/cRhrIUGuPW138iaWfDhwjyDqg==",
      "dev": true,
      "license": "Apache-2.0",
      "bin": {
        "wasm-as": "bin/wasm-as",
        "wasm-ctor-eval": "bin/wasm-ctor-eval",
        "wasm-dis": "bin/wasm-dis",
        "wasm-merge": "bin/wasm-merge",
        "wasm-metadce": "bin/wasm-metadce",
        "wasm-opt": "bin/wasm-opt",
        "wasm-reduce": "bin/wasm-reduce",
        "wasm-shell": "bin/wasm-shell",
        "wasm2js": "bin/wasm2js"
      }
    },
    "node_modules/ecalli": {
      "name": "@fluffylabs/as-lan-ecalli-mocks",
      "version": "0.0.1",
      "resolved": "https://registry.npmjs.org/@fluffylabs/as-lan-ecalli-mocks/-/as-lan-ecalli-mocks-0.0.1.tgz",
      "integrity": "sha512-CBAy2earY22G22YkvXKOe3X0QdzKsNyvm6JNr++grmaEfxHy6XgG+bvPb2egxMbD/RHHCKkvs3LOOu8B2Rhm/g==",
      "dev": true,
      "license": "MPL-2.0"
    },
    "node_modules/long": {
      "version": "5.3.2",
      "resolved": "https://registry.npmjs.org/long/-/long-5.3.2.tgz",
      "integrity": "sha512-mNAgZ1GmyNhD7AuqnTG3/VQ26o760+ZYBPKjPvugO8+nLbYfX6TVpJPseBvopbdY+qpZ/lKUnmEc1LeZYS3QAA==",
      "dev": true,
      "license": "Apache-2.0"
    }
  }
}
